
Microsoft Visual Studio Solution File, Format Version 12.00
# Visual Studio Version 16
VisualStudioVersion = 16.0.30523.141
MinimumVisualStudioVersion = 10.0.40219.1
Project("{FAE04EC0-301F-11D3-BF4B-00C04F79EFBC}") = "Corporate_Controller CSharp", "Corporate_Controller CSharp\Corporate_Controller CSharp.csproj", "{9B914634-EBA2-43A8-B931-1B8B0558DAF3}"
EndProject
Global
	GlobalSection(SolutionConfigurationPlatforms) = preSolution
		Debug|Any CPU = Debug|Any CPU
		Release|Any CPU = Release|Any CPU
	EndGlobalSection
	GlobalSection(ProjectConfigurationPlatforms) = postSolution
		{9B914634-EBA2-43A8-B931-1B8B0558DAF3}.Debug|Any CPU.ActiveCfg = Debug|Any CPU
		{9B914634-EBA2-43A8-B931-1B8B0558DAF3}.Debug|Any CPU.Build.0 = Debug|Any CPU
		{9B914634-EBA2-43A8-B931-1B8B0558DAF3}.Release|Any CPU.ActiveCfg = Release|Any CPU
		{9B914634-EBA2-43A8-B931-1B8B0558DAF3}.Release|Any CPU.Build.0 = Release|Any CPU
	EndGlobalSection
	GlobalSection(SolutionProperties) = preSolution
		HideSolutionNode = FALSE
	EndGlobalSection
	GlobalSection(ExtensibilityGlobals) = postSolution
		SolutionGuid = {54318523-E5F6-4DDE-8ADE-CF544DC93D55}
	EndGlobalSection
EndGlobal
